
Microsoft Visual Studio Solution File, Format Version 12.00
# Visual Studio Version 16
VisualStudioVersion = 16.0.31515.178
MinimumVisualStudioVersion = 10.0.40219.1
Project("{9A19103F-16F7-4668-BE54-9A1E7A4F7556}") = "UdpNatPunchClient", "UdpNatPunchClient\UdpNatPunchClient.csproj", "{09CAEC37-814D-40D3-997C-59B733620D83}"
EndProject
Project("{FAE04EC0-301F-11D3-BF4B-00C04F79EFBC}") = "PlaceholderTextBoxControl", "PlaceholderTextBoxControl\PlaceholderTextBoxControl.csproj", "{32775F93-F586-4E9A-9F90-F5282B133EDE}"
EndProject
Global
	GlobalSection(SolutionConfigurationPlatforms) = preSolution
		Debug|Any CPU = Debug|Any CPU
		Release|Any CPU = Release|Any CPU
	EndGlobalSection
	GlobalSection(ProjectConfigurationPlatforms) = postSolution
		{09CAEC37-814D-40D3-997C-59B733620D83}.Debug|Any CPU.ActiveCfg = Debug|Any CPU
		{09CAEC37-814D-40D3-997C-59B733620D83}.Debug|Any CPU.Build.0 = Debug|Any CPU
		{09CAEC37-814D-40D3-997C-59B733620D83}.Release|Any CPU.ActiveCfg = Release|Any CPU
		{09CAEC37-814D-40D3-997C-59B733620D83}.Release|Any CPU.Build.0 = Release|Any CPU
		{32775F93-F586-4E9A-9F90-F5282B133EDE}.Debug|Any CPU.ActiveCfg = Debug|Any CPU
		{32775F93-F586-4E9A-9F90-F5282B133EDE}.Debug|Any CPU.Build.0 = Debug|Any CPU
		{32775F93-F586-4E9A-9F90-F5282B133EDE}.Release|Any CPU.ActiveCfg = Release|Any CPU
		{32775F93-F586-4E9A-9F90-F5282B133EDE}.Release|Any CPU.Build.0 = Release|Any CPU
	EndGlobalSection
	GlobalSection(SolutionProperties) = preSolution
		HideSolutionNode = FALSE
	EndGlobalSection
	GlobalSection(ExtensibilityGlobals) = postSolution
		SolutionGuid = {D2F4D005-9CAE-413F-9D6D-650D68C25712}
	EndGlobalSection
EndGlobal
